
Microsoft Visual Studio Solution File, Format Version 12.00
# Visual Studio Version 17
VisualStudioVersion = 17.4.33122.133
MinimumVisualStudioVersion = 10.0.40219.1
Project("{FAE04EC0-301F-11D3-BF4B-00C04F79EFBC}") = "DebtCalculator", "DebtCalculator\DebtCalculator.csproj", "{A609AB63-1E99-4F84-9A1F-92E525BB1B67}"
EndProject
Project("{FAE04EC0-301F-11D3-BF4B-00C04F79EFBC}") = "HamburgerMenuControl", "HamburgerMenuControl\HamburgerMenuControl.csproj", "{7634C723-7FD4-4A61-BF77-669928BC93C2}"
EndProject
Global
	GlobalSection(SolutionConfigurationPlatforms) = preSolution
		Debug|Any CPU = Debug|Any CPU
		Release|Any CPU = Release|Any CPU
	EndGlobalSection
	GlobalSection(ProjectConfigurationPlatforms) = postSolution
		{A609AB63-1E99-4F84-9A1F-92E525BB1B67}.Debug|Any CPU.ActiveCfg = Debug|Any CPU
		{A609AB63-1E99-4F84-9A1F-92E525BB1B67}.Debug|Any CPU.Build.0 = Debug|Any CPU
		{A609AB63-1E99-4F84-9A1F-92E525BB1B67}.Release|Any CPU.ActiveCfg = Release|Any CPU
		{A609AB63-1E99-4F84-9A1F-92E525BB1B67}.Release|Any CPU.Build.0 = Release|Any CPU
		{7634C723-7FD4-4A61-BF77-669928BC93C2}.Debug|Any CPU.ActiveCfg = Debug|Any CPU
		{7634C723-7FD4-4A61-BF77-669928BC93C2}.Debug|Any CPU.Build.0 = Debug|Any CPU
		{7634C723-7FD4-4A61-BF77-669928BC93C2}.Release|Any CPU.ActiveCfg = Release|Any CPU
		{7634C723-7FD4-4A61-BF77-669928BC93C2}.Release|Any CPU.Build.0 = Release|Any CPU
	EndGlobalSection
	GlobalSection(SolutionProperties) = preSolution
		HideSolutionNode = FALSE
	EndGlobalSection
	GlobalSection(ExtensibilityGlobals) = postSolution
		SolutionGuid = {99E85ED6-2DB9-4AC2-B125-178734A19984}
	EndGlobalSection
EndGlobal
